
Microsoft Visual Studio Solution File, Format Version 12.00
# Visual Studio 15
VisualStudioVersion = 15.0.27703.2026
MinimumVisualStudioVersion = 10.0.40219.1
Project("{FAE04EC0-301F-11D3-BF4B-00C04F79EFBC}") = "MarvisConsole", "MarvisConsole\MarvisConsole.csproj", "{5EED3A1B-1A1B-4F1C-977B-1EE5B1F448C3}"
EndProject
Global
	GlobalSection(SolutionConfigurationPlatforms) = preSolution
		Debug|Any CPU = Debug|Any CPU
		Release|Any CPU = Release|Any CPU
	EndGlobalSection
	GlobalSection(ProjectConfigurationPlatforms) = postSolution
		{5EED3A1B-1A1B-4F1C-977B-1EE5B1F448C3}.Debug|Any CPU.ActiveCfg = Debug|Any CPU
		{5EED3A1B-1A1B-4F1C-977B-1EE5B1F448C3}.Debug|Any CPU.Build.0 = Debug|Any CPU
		{5EED3A1B-1A1B-4F1C-977B-1EE5B1F448C3}.Release|Any CPU.ActiveCfg = Release|Any CPU
		{5EED3A1B-1A1B-4F1C-977B-1EE5B1F448C3}.Release|Any CPU.Build.0 = Release|Any CPU
	EndGlobalSection
	GlobalSection(SolutionProperties) = preSolution
		HideSolutionNode = FALSE
	EndGlobalSection
	GlobalSection(ExtensibilityGlobals) = postSolution
		SolutionGuid = {CDC928E7-67D8-4DD9-B173-430346178DDB}
	EndGlobalSection
EndGlobal
